// !$*UTF8*$!
{
	archiveVersion = 1;
	classes = {
	};
	objectVersion = 50;
	objects = {

/* Begin PBXBuildFile section */
		97703D8F25C72F1F00CB1BCB /* AppDelegate.swift in Sources */ = {isa = PBXBuildFile; fileRef = 97703D8E25C72F1F00CB1BCB /* AppDelegate.swift */; };
		97703D9125C72F1F00CB1BCB /* SceneDelegate.swift in Sources */ = {isa = PBXBuildFile; fileRef = 97703D9025C72F1F00CB1BCB /* SceneDelegate.swift */; };
		97703D9325C72F1F00CB1BCB /* ViewController.swift in Sources */ = {isa = PBXBuildFile; fileRef = 97703D9225C72F1F00CB1BCB /* ViewController.swift */; };
		97703D9625C72F1F00CB1BCB /* Main.storyboard in Resources */ = {isa = PBXBuildFile; fileRef = 97703D9425C72F1F00CB1BCB /* Main.storyboard */; };
		97703D9825C72F2000CB1BCB /* Assets.xcassets in Resources */ = {isa = PBXBuildFile; fileRef = 97703D9725C72F2000CB1BCB /* Assets.xcassets */; };
		97703D9B25C72F2000CB1BCB /* LaunchScreen.storyboard in Resources */ = {isa = PBXBuildFile; fileRef = 97703D9925C72F2000CB1BCB /* LaunchScreen.storyboard */; };
		97703DA425C734D200CB1BCB /* CustomView.swift in Sources */ = {isa = PBXBuildFile; fileRef = 97703DA325C734D200CB1BCB /* CustomView.swift */; };
/* End PBXBuildFile section */

/* Begin PBXFileReference section */
		97703D8B25C72F1F00CB1BCB /* GraficoPizza.app */ = {isa = PBXFileReference; explicitFileType = wrapper.application; includeInIndex = 0; path = GraficoPizza.app; sourceTree = BUILT_PRODUCTS_DIR; };
		97703D8E25C72F1F00CB1BCB /* AppDelegate.swift */ = {isa = PBXFileReference; lastKnownFileType = sourcecode.swift; path = AppDelegate.swift; sourceTree = "<group>"; };
		97703D9025C72F1F00CB1BCB /* SceneDelegate.swift */ = {isa = PBXFileReference; lastKnownFileType = sourcecode.swift; path = SceneDelegate.swift; sourceTree = "<group>"; };
		97703D9225C72F1F00CB1BCB /* ViewController.swift */ = {isa = PBXFileReference; lastKnownFileType = sourcecode.swift; path = ViewController.swift; sourceTree = "<group>"; };
		97703D9525C72F1F00CB1BCB /* Base */ = {isa = PBXFileReference; lastKnownFileType = file.storyboard; name = Base; path = Base.lproj/Main.storyboard; sourceTree = "<group>"; };
		97703D9725C72F2000CB1BCB /* Assets.xcassets */ = {isa = PBXFileReference; lastKnownFileType = folder.assetcatalog; path = Assets.xcassets; sourceTree = "<group>"; };
		97703D9A25C72F2000CB1BCB /* Base */ = {isa = PBXFileReference; lastKnownFileType = file.storyboard; name = Base; path = Base.lproj/LaunchScreen.storyboard; sourceTree = "<group>"; };
		97703D9C25C72F2000CB1BCB /* Info.plist */ = {isa = PBXFileReference; lastKnownFileType = text.plist.xml; path = Info.plist; sourceTree = "<group>"; };
		97703DA325C734D200CB1BCB /* CustomView.swift */ = {isa = PBXFileReference; lastKnownFileType = sourcecode.swift; path = CustomView.swift; sourceTree = "<group>"; };
/* End PBXFileReference section */

/* Begin PBXFrameworksBuildPhase section */
		97703D8825C72F1F00CB1BCB /* Frameworks */ = {
			isa = PBXFrameworksBuildPhase;
			buildActionMask = 2147483647;
			files = (
			);
			runOnlyForDeploymentPostprocessing = 0;
		};
/* End PBXFrameworksBuildPhase section */

/* Begin PBXGroup section */
		97703D8225C72F1F00CB1BCB = {
			isa = PBXGroup;
			children = (
				97703D8D25C72F1F00CB1BCB /* GraficoPizza */,
				97703D8C25C72F1F00CB1BCB /* Products */,
			);
			sourceTree = "<group>";
		};
		97703D8C25C72F1F00CB1BCB /* Products */ = {
			isa = PBXGroup;
			children = (
				97703D8B25C72F1F00CB1BCB /* GraficoPizza.app */,
			);
			name = Products;
			sourceTree = "<group>";
		};
		97703D8D25C72F1F00CB1BCB /* GraficoPizza */ = {
			isa = PBXGroup;
			children = (
				97703D8E25C72F1F00CB1BCB /* AppDelegate.swift */,
				97703D9025C72F1F00CB1BCB /* SceneDelegate.swift */,
				97703D9225C72F1F00CB1BCB /* ViewController.swift */,
				97703D9425C72F1F00CB1BCB /* Main.storyboard */,
				97703DA325C734D200CB1BCB /* CustomView.swift */,
				97703D9725C72F2000CB1BCB /* Assets.xcassets */,
				97703D9925C72F2000CB1BCB /* LaunchScreen.storyboard */,
				97703D9C25C72F2000CB1BCB /* Info.plist */,
			);
			path = GraficoPizza;
			sourceTree = "<group>";
		};
/* End PBXGroup section */

/* Begin PBXNativeTarget section */
		97703D8A25C72F1F00CB1BCB /* GraficoPizza */ = {
			isa = PBXNativeTarget;
			buildConfigurationList = 97703D9F25C72F2000CB1BCB /* Build configuration list for PBXNativeTarget "GraficoPizza" */;
			buildPhases = (
				97703D8725C72F1F00CB1BCB /* Sources */,
				97703D8825C72F1F00CB1BCB /* Frameworks */,
				97703D8925C72F1F00CB1BCB /* Resources */,
			);
			buildRules = (
			);
			dependencies = (
			);
			name = GraficoPizza;
			productName = GraficoPizza;
			productReference = 97703D8B25C72F1F00CB1BCB /* GraficoPizza.app */;
			productType = "com.apple.product-type.application";
		};
/* End PBXNativeTarget section */

/* Begin PBXProject section */
		97703D8325C72F1F00CB1BCB /* Project object */ = {
			isa = PBXProject;
			attributes = {
				LastSwiftUpdateCheck = 1220;
				LastUpgradeCheck = 1220;
				TargetAttributes = {
					97703D8A25C72F1F00CB1BCB = {
						CreatedOnToolsVersion = 12.2;
					};
				};
			};
			buildConfigurationList = 97703D8625C72F1F00CB1BCB /* Build configuration list for PBXProject "GraficoPizza" */;
			compatibilityVersion = "Xcode 9.3";
			developmentRegion = en;
			hasScannedForEncodings = 0;
			knownRegions = (
				en,
				Base,
			);
			mainGroup = 97703D8225C72F1F00CB1BCB;
			productRefGroup = 97703D8C25C72F1F00CB1BCB /* Products */;
			projectDirPath = "";
			projectRoot = "";
			targets = (
				97703D8A25C72F1F00CB1BCB /* GraficoPizza */,
			);
		};
/* End PBXProject section */

/* Begin PBXResourcesBuildPhase section */
		97703D8925C72F1F00CB1BCB /* Resources */ = {
			isa = PBXResourcesBuildPhase;
			buildActionMask = 2147483647;
			files = (
				97703D9B25C72F2000CB1BCB /* LaunchScreen.storyboard in Resources */,
				97703D9825C72F2000CB1BCB /* Assets.xcassets in Resources */,
				97703D9625C72F1F00CB1BCB /* Main.storyboard in Resources */,
			);
			runOnlyForDeploymentPostprocessing = 0;
		};
/* End PBXResourcesBuildPhase section */

/* Begin PBXSourcesBuildPhase section */
		97703D8725C72F1F00CB1BCB /* Sources */ = {
			isa = PBXSourcesBuildPhase;
			buildActionMask = 2147483647;
			files = (
				97703D9325C72F1F00CB1BCB /* ViewController.swift in Sources */,
				97703DA425C734D200CB1BCB /* CustomView.swift in Sources */,
				97703D8F25C72F1F00CB1BCB /* AppDelegate.swift in Sources */,
				97703D9125C72F1F00CB1BCB /* SceneDelegate.swift in Sources */,
			);
			runOnlyForDeploymentPostprocessing = 0;
		};
/* End PBXSourcesBuildPhase section */

/* Begin PBXVariantGroup section */
		97703D9425C72F1F00CB1BCB /* Main.storyboard */ = {
			isa = PBXVariantGroup;
			children = (
				97703D9525C72F1F00CB1BCB /* Base */,
			);
			name = Main.storyboard;
			sourceTree = "<group>";
		};
		97703D9925C72F2000CB1BCB /* LaunchScreen.storyboard */ = {
			isa = PBXVariantGroup;
			children = (
				97703D9A25C72F2000CB1BCB /* Base */,
			);
			name = LaunchScreen.storyboard;
			sourceTree = "<group>";
		};
/* End PBXVariantGroup section */

/* Begin XCBuildConfiguration section */
		97703D9D25C72F2000CB1BCB /* Debug */ = {
			isa = XCBuildConfiguration;
			buildSettings = {
				ALWAYS_SEARCH_USER_PATHS = NO;
				CLANG_ANALYZER_NONNULL = YES;
				CLANG_ANALYZER_NUMBER_OBJECT_CONVERSION = YES_AGGRESSIVE;
				CLANG_CXX_LANGUAGE_STANDARD = "gnu++14";
				CLANG_CXX_LIBRARY = "libc++";
				CLANG_ENABLE_MODULES = YES;
				CLANG_ENABLE_OBJC_ARC = YES;
				CLANG_ENABLE_OBJC_WEAK = YES;
				CLANG_WARN_BLOCK_CAPTURE_AUTORELEASING = YES;
				CLANG_WARN_BOOL_CONVERSION = YES;
				CLANG_WARN_COMMA = YES;
				CLANG_WARN_CONSTANT_CONVERSION = YES;
				CLANG_WARN_DEPRECATED_OBJC_IMPLEMENTATIONS = YES;
				CLANG_WARN_DIRECT_OBJC_ISA_USAGE = YES_ERROR;
				CLANG_WARN_DOCUMENTATION_COMMENTS = YES;
				CLANG_WARN_EMPTY_BODY = YES;
				CLANG_WARN_ENUM_CONVERSION = YES;
				CLANG_WARN_INFINITE_RECURSION = YES;
				CLANG_WARN_INT_CONVERSION = YES;
				CLANG_WARN_NON_LITERAL_NULL_CONVERSION = YES;
				CLANG_WARN_OBJC_IMPLICIT_RETAIN_SELF = YES;
				CLANG_WARN_OBJC_LITERAL_CONVERSION = YES;
				CLANG_WARN_OBJC_ROOT_CLASS = YES_ERROR;
				CLANG_WARN_QUOTED_INCLUDE_IN_FRAMEWORK_HEADER = YES;
				CLANG_WARN_RANGE_LOOP_ANALYSIS = YES;
				CLANG_WARN_STRICT_PROTOTYPES = YES;
				CLANG_WARN_SUSPICIOUS_MOVE = YES;
				CLANG_WARN_UNGUARDED_AVAILABILITY = YES_AGGRESSIVE;
				CLANG_WARN_UNREACHABLE_CODE = YES;
				CLANG_WARN__DUPLICATE_METHOD_MATCH = YES;
				COPY_PHASE_STRIP = NO;
				DEBUG_INFORMATION_FORMAT = dwarf;
				ENABLE_STRICT_OBJC_MSGSEND = YES;
				ENABLE_TESTABILITY = YES;
				GCC_C_LANGUAGE_STANDARD = gnu11;
				GCC_DYNAMIC_NO_PIC = NO;
				GCC_NO_COMMON_BLOCKS = YES;
				GCC_OPTIMIZATION_LEVEL = 0;
				GCC_PREPROCESSOR_DEFINITIONS = (
					"DEBUG=1",
					"$(inherited)",
				);
				GCC_WARN_64_TO_32_BIT_CONVERSION = YES;
				GCC_WARN_ABOUT_RETURN_TYPE = YES_ERROR;
				GCC_WARN_UNDECLARED_SELECTOR = YES;
				GCC_WARN_UNINITIALIZED_AUTOS = YES_AGGRESSIVE;
				GCC_WARN_UNUSED_FUNCTION = YES;
				GCC_WARN_UNUSED_VARIABLE = YES;
				IPHONEOS_DEPLOYMENT_TARGET = 14.2;
				MTL_ENABLE_DEBUG_INFO = INCLUDE_SOURCE;
				MTL_FAST_MATH = YES;
				ONLY_ACTIVE_ARCH = YES;
				SDKROOT = iphoneos;
				SWIFT_ACTIVE_COMPILATION_CONDITIONS = DEBUG;
				SWIFT_OPTIMIZATION_LEVEL = "-Onone";
			};
			name = Debug;
		};
		97703D9E25C72F2000CB1BCB /* Release */ = {
			isa = XCBuildConfiguration;
			buildSettings = {
				ALWAYS_SEARCH_USER_PATHS = NO;
				CLANG_ANALYZER_NONNULL = YES;
				CLANG_ANALYZER_NUMBER_OBJECT_CONVERSION = YES_AGGRESSIVE;
				CLANG_CXX_LANGUAGE_STANDARD = "gnu++14";
				CLANG_CXX_LIBRARY = "libc++";
				CLANG_ENABLE_MODULES = YES;
				CLANG_ENABLE_OBJC_ARC = YES;
				CLANG_ENABLE_OBJC_WEAK = YES;
				CLANG_WARN_BLOCK_CAPTURE_AUTORELEASING = YES;
				CLANG_WARN_BOOL_CONVERSION = YES;
				CLANG_WARN_COMMA = YES;
				CLANG_WARN_CONSTANT_CONVERSION = YES;
				CLANG_WARN_DEPRECATED_OBJC_IMPLEMENTATIONS = YES;
				CLANG_WARN_DIRECT_OBJC_ISA_USAGE = YES_ERROR;
				CLANG_WARN_DOCUMENTATION_COMMENTS = YES;
				CLANG_WARN_EMPTY_BODY = YES;
				CLANG_WARN_ENUM_CONVERSION = YES;
				CLANG_WARN_INFINITE_RECURSION = YES;
				CLANG_WARN_INT_CONVERSION = YES;
				CLANG_WARN_NON_LITERAL_NULL_CONVERSION = YES;
				CLANG_WARN_OBJC_IMPLICIT_RETAIN_SELF = YES;
				CLANG_WARN_OBJC_LITERAL_CONVERSION = YES;
				CLANG_WARN_OBJC_ROOT_CLASS = YES_ERROR;
				CLANG_WARN_QUOTED_INCLUDE_IN_FRAMEWORK_HEADER = YES;
				CLANG_WARN_RANGE_LOOP_ANALYSIS = YES;
				CLANG_WARN_STRICT_PROTOTYPES = YES;
				CLANG_WARN_SUSPICIOUS_MOVE = YES;
				CLANG_WARN_UNGUARDED_AVAILABILITY = YES_AGGRESSIVE;
				CLANG_WARN_UNREACHABLE_CODE = YES;
				CLANG_WARN__DUPLICATE_METHOD_MATCH = YES;
				COPY_PHASE_STRIP = NO;
				DEBUG_INFORMATION_FORMAT = "dwarf-with-dsym";
				ENABLE_NS_ASSERTIONS = NO;
				ENABLE_STRICT_OBJC_MSGSEND = YES;
				GCC_C_LANGUAGE_STANDARD = gnu11;
				GCC_NO_COMMON_BLOCKS = YES;
				GCC_WARN_64_TO_32_BIT_CONVERSION = YES;
				GCC_WARN_ABOUT_RETURN_TYPE = YES_ERROR;
				GCC_WARN_UNDECLARED_SELECTOR = YES;
				GCC_WARN_UNINITIALIZED_AUTOS = YES_AGGRESSIVE;
				GCC_WARN_UNUSED_FUNCTION = YES;
				GCC_WARN_UNUSED_VARIABLE = YES;
				IPHONEOS_DEPLOYMENT_TARGET = 14.2;
				MTL_ENABLE_DEBUG_INFO = NO;
				MTL_FAST_MATH = YES;
				SDKROOT = iphoneos;
				SWIFT_COMPILATION_MODE = wholemodule;
				SWIFT_OPTIMIZATION_LEVEL = "-O";
				VALIDATE_PRODUCT = YES;
			};
			name = Release;
		};
		97703DA025C72F2000CB1BCB /* Debug */ = {
			isa = XCBuildConfiguration;
			buildSettings = {
				ASSETCATALOG_COMPILER_APPICON_NAME = AppIcon;
				ASSETCATALOG_COMPILER_GLOBAL_ACCENT_COLOR_NAME = AccentColor;
				CODE_SIGN_STYLE = Automatic;
				DEVELOPMENT_TEAM = JP9WVPYUFW;
				INFOPLIST_FILE = GraficoPizza/Info.plist;
				LD_RUNPATH_SEARCH_PATHS = (
					"$(inherited)",
					"@executable_path/Frameworks",
				);
				PRODUCT_BUNDLE_IDENTIFIER = HMAP.GraficoPizza;
				PRODUCT_NAME = "$(TARGET_NAME)";
				SWIFT_VERSION = 5.0;
				TARGETED_DEVICE_FAMILY = "1,2";
			};
			name = Debug;
		};
		97703DA125C72F2000CB1BCB /* Release */ = {
			isa = XCBuildConfiguration;
			buildSettings = {
				ASSETCATALOG_COMPILER_APPICON_NAME = AppIcon;
				ASSETCATALOG_COMPILER_GLOBAL_ACCENT_COLOR_NAME = AccentColor;
				CODE_SIGN_STYLE = Automatic;
				DEVELOPMENT_TEAM = JP9WVPYUFW;
				INFOPLIST_FILE = GraficoPizza/Info.plist;
				LD_RUNPATH_SEARCH_PATHS = (
					"$(inherited)",
					"@executable_path/Frameworks",
				);
				PRODUCT_BUNDLE_IDENTIFIER = HMAP.GraficoPizza;
				PRODUCT_NAME = "$(TARGET_NAME)";
				SWIFT_VERSION = 5.0;
				TARGETED_DEVICE_FAMILY = "1,2";
			};
			name = Release;
		};
/* End XCBuildConfiguration section */

/* Begin XCConfigurationList section */
		97703D8625C72F1F00CB1BCB /* Build configuration list for PBXProject "GraficoPizza" */ = {
			isa = XCConfigurationList;
			buildConfigurations = (
				97703D9D25C72F2000CB1BCB /* Debug */,
				97703D9E25C72F2000CB1BCB /* Release */,
			);
			defaultConfigurationIsVisible = 0;
			defaultConfigurationName = Release;
		};
		97703D9F25C72F2000CB1BCB /* Build configuration list for PBXNativeTarget "GraficoPizza" */ = {
			isa = XCConfigurationList;
			buildConfigurations = (
				97703DA025C72F2000CB1BCB /* Debug */,
				97703DA125C72F2000CB1BCB /* Release */,
			);
			defaultConfigurationIsVisible = 0;
			defaultConfigurationName = Release;
		};
/* End XCConfigurationList section */
	};
	rootObject = 97703D8325C72F1F00CB1BCB /* Project object */;
}
